// !$*UTF8*$!
{
	archiveVersion = 1;
	classes = {
	};
	objectVersion = 50;
	objects = {

/* Begin PBXBuildFile section */
		B8571668263AB29000228788 /* CarParkingApp.swift in Sources */ = {isa = PBXBuildFile; fileRef = B8571667263AB28F00228788 /* CarParkingApp.swift */; };
		B857166A263AB29000228788 /* ContentView.swift in Sources */ = {isa = PBXBuildFile; fileRef = B8571669263AB29000228788 /* ContentView.swift */; };
		B857166C263AB29300228788 /* Assets.xcassets in Resources */ = {isa = PBXBuildFile; fileRef = B857166B263AB29300228788 /* Assets.xcassets */; };
		B857166F263AB29300228788 /* Preview Assets.xcassets in Resources */ = {isa = PBXBuildFile; fileRef = B857166E263AB29300228788 /* Preview Assets.xcassets */; };
		B8571679263AB2B900228788 /* HomeView.swift in Sources */ = {isa = PBXBuildFile; fileRef = B8571678263AB2B900228788 /* HomeView.swift */; };
		B857167D263ECD4C00228788 /* DetailView.swift in Sources */ = {isa = PBXBuildFile; fileRef = B857167C263ECD4C00228788 /* DetailView.swift */; };
		B85716802640033A00228788 /* parkingView.swift in Sources */ = {isa = PBXBuildFile; fileRef = B857167F2640033A00228788 /* parkingView.swift */; };
/* End PBXBuildFile section */

/* Begin PBXFileReference section */
		B8571664263AB28F00228788 /* CarParking.app */ = {isa = PBXFileReference; explicitFileType = wrapper.application; includeInIndex = 0; path = CarParking.app; sourceTree = BUILT_PRODUCTS_DIR; };
		B8571667263AB28F00228788 /* CarParkingApp.swift */ = {isa = PBXFileReference; lastKnownFileType = sourcecode.swift; path = CarParkingApp.swift; sourceTree = "<group>"; };
		B8571669263AB29000228788 /* ContentView.swift */ = {isa = PBXFileReference; lastKnownFileType = sourcecode.swift; path = ContentView.swift; sourceTree = "<group>"; };
		B857166B263AB29300228788 /* Assets.xcassets */ = {isa = PBXFileReference; lastKnownFileType = folder.assetcatalog; path = Assets.xcassets; sourceTree = "<group>"; };
		B857166E263AB29300228788 /* Preview Assets.xcassets */ = {isa = PBXFileReference; lastKnownFileType = folder.assetcatalog; path = "Preview Assets.xcassets"; sourceTree = "<group>"; };
		B8571670263AB29300228788 /* Info.plist */ = {isa = PBXFileReference; lastKnownFileType = text.plist.xml; path = Info.plist; sourceTree = "<group>"; };
		B8571678263AB2B900228788 /* HomeView.swift */ = {isa = PBXFileReference; lastKnownFileType = sourcecode.swift; path = HomeView.swift; sourceTree = "<group>"; };
		B857167C263ECD4C00228788 /* DetailView.swift */ = {isa = PBXFileReference; lastKnownFileType = sourcecode.swift; path = DetailView.swift; sourceTree = "<group>"; };
		B857167F2640033A00228788 /* parkingView.swift */ = {isa = PBXFileReference; lastKnownFileType = sourcecode.swift; path = parkingView.swift; sourceTree = "<group>"; };
/* End PBXFileReference section */

/* Begin PBXFrameworksBuildPhase section */
		B8571661263AB28F00228788 /* Frameworks */ = {
			isa = PBXFrameworksBuildPhase;
			buildActionMask = 2147483647;
			files = (
			);
			runOnlyForDeploymentPostprocessing = 0;
		};
/* End PBXFrameworksBuildPhase section */

/* Begin PBXGroup section */
		B857165B263AB28F00228788 = {
			isa = PBXGroup;
			children = (
				B8571666263AB28F00228788 /* CarParking */,
				B8571665263AB28F00228788 /* Products */,
			);
			sourceTree = "<group>";
		};
		B8571665263AB28F00228788 /* Products */ = {
			isa = PBXGroup;
			children = (
				B8571664263AB28F00228788 /* CarParking.app */,
			);
			name = Products;
			sourceTree = "<group>";
		};
		B8571666263AB28F00228788 /* CarParking */ = {
			isa = PBXGroup;
			children = (
				B8571677263AB2A800228788 /* View */,
				B8571667263AB28F00228788 /* CarParkingApp.swift */,
				B8571669263AB29000228788 /* ContentView.swift */,
				B857166B263AB29300228788 /* Assets.xcassets */,
				B8571670263AB29300228788 /* Info.plist */,
				B857166D263AB29300228788 /* Preview Content */,
			);
			path = CarParking;
			sourceTree = "<group>";
		};
		B857166D263AB29300228788 /* Preview Content */ = {
			isa = PBXGroup;
			children = (
				B857166E263AB29300228788 /* Preview Assets.xcassets */,
			);
			path = "Preview Content";
			sourceTree = "<group>";
		};
		B8571677263AB2A800228788 /* View */ = {
			isa = PBXGroup;
			children = (
				B8571678263AB2B900228788 /* HomeView.swift */,
				B857167C263ECD4C00228788 /* DetailView.swift */,
				B857167F2640033A00228788 /* parkingView.swift */,
			);
			path = View;
			sourceTree = "<group>";
		};
/* End PBXGroup section */

/* Begin PBXNativeTarget section */
		B8571663263AB28F00228788 /* CarParking */ = {
			isa = PBXNativeTarget;
			buildConfigurationList = B8571673263AB29300228788 /* Build configuration list for PBXNativeTarget "CarParking" */;
			buildPhases = (
				B8571660263AB28F00228788 /* Sources */,
				B8571661263AB28F00228788 /* Frameworks */,
				B8571662263AB28F00228788 /* Resources */,
			);
			buildRules = (
			);
			dependencies = (
			);
			name = CarParking;
			productName = CarParking;
			productReference = B8571664263AB28F00228788 /* CarParking.app */;
			productType = "com.apple.product-type.application";
		};
/* End PBXNativeTarget section */

/* Begin PBXProject section */
		B857165C263AB28F00228788 /* Project object */ = {
			isa = PBXProject;
			attributes = {
				LastSwiftUpdateCheck = 1230;
				LastUpgradeCheck = 1230;
				TargetAttributes = {
					B8571663263AB28F00228788 = {
						CreatedOnToolsVersion = 12.3;
					};
				};
			};
			buildConfigurationList = B857165F263AB28F00228788 /* Build configuration list for PBXProject "CarParking" */;
			compatibilityVersion = "Xcode 9.3";
			developmentRegion = en;
			hasScannedForEncodings = 0;
			knownRegions = (
				en,
				Base,
			);
			mainGroup = B857165B263AB28F00228788;
			productRefGroup = B8571665263AB28F00228788 /* Products */;
			projectDirPath = "";
			projectRoot = "";
			targets = (
				B8571663263AB28F00228788 /* CarParking */,
			);
		};
/* End PBXProject section */

/* Begin PBXResourcesBuildPhase section */
		B8571662263AB28F00228788 /* Resources */ = {
			isa = PBXResourcesBuildPhase;
			buildActionMask = 2147483647;
			files = (
				B857166F263AB29300228788 /* Preview Assets.xcassets in Resources */,
				B857166C263AB29300228788 /* Assets.xcassets in Resources */,
			);
			runOnlyForDeploymentPostprocessing = 0;
		};
/* End PBXResourcesBuildPhase section */

/* Begin PBXSourcesBuildPhase section */
		B8571660263AB28F00228788 /* Sources */ = {
			isa = PBXSourcesBuildPhase;
			buildActionMask = 2147483647;
			files = (
				B8571679263AB2B900228788 /* HomeView.swift in Sources */,
				B857167D263ECD4C00228788 /* DetailView.swift in Sources */,
				B857166A263AB29000228788 /* ContentView.swift in Sources */,
				B85716802640033A00228788 /* parkingView.swift in Sources */,
				B8571668263AB29000228788 /* CarParkingApp.swift in Sources */,
			);
			runOnlyForDeploymentPostprocessing = 0;
		};
/* End PBXSourcesBuildPhase section */

/* Begin XCBuildConfiguration section */
		B8571671263AB29300228788 /* Debug */ = {
			isa = XCBuildConfiguration;
			buildSettings = {
				ALWAYS_SEARCH_USER_PATHS = NO;
				CLANG_ANALYZER_NONNULL = YES;
				CLANG_ANALYZER_NUMBER_OBJECT_CONVERSION = YES_AGGRESSIVE;
				CLANG_CXX_LANGUAGE_STANDARD = "gnu++14";
				CLANG_CXX_LIBRARY = "libc++";
				CLANG_ENABLE_MODULES = YES;
				CLANG_ENABLE_OBJC_ARC = YES;
				CLANG_ENABLE_OBJC_WEAK = YES;
				CLANG_WARN_BLOCK_CAPTURE_AUTORELEASING = YES;
				CLANG_WARN_BOOL_CONVERSION = YES;
				CLANG_WARN_COMMA = YES;
				CLANG_WARN_CONSTANT_CONVERSION = YES;
				CLANG_WARN_DEPRECATED_OBJC_IMPLEMENTATIONS = YES;
				CLANG_WARN_DIRECT_OBJC_ISA_USAGE = YES_ERROR;
				CLANG_WARN_DOCUMENTATION_COMMENTS = YES;
				CLANG_WARN_EMPTY_BODY = YES;
				CLANG_WARN_ENUM_CONVERSION = YES;
				CLANG_WARN_INFINITE_RECURSION = YES;
				CLANG_WARN_INT_CONVERSION = YES;
				CLANG_WARN_NON_LITERAL_NULL_CONVERSION = YES;
				CLANG_WARN_OBJC_IMPLICIT_RETAIN_SELF = YES;
				CLANG_WARN_OBJC_LITERAL_CONVERSION = YES;
				CLANG_WARN_OBJC_ROOT_CLASS = YES_ERROR;
				CLANG_WARN_QUOTED_INCLUDE_IN_FRAMEWORK_HEADER = YES;
				CLANG_WARN_RANGE_LOOP_ANALYSIS = YES;
				CLANG_WARN_STRICT_PROTOTYPES = YES;
				CLANG_WARN_SUSPICIOUS_MOVE = YES;
				CLANG_WARN_UNGUARDED_AVAILABILITY = YES_AGGRESSIVE;
				CLANG_WARN_UNREACHABLE_CODE = YES;
				CLANG_WARN__DUPLICATE_METHOD_MATCH = YES;
				COPY_PHASE_STRIP = NO;
				DEBUG_INFORMATION_FORMAT = dwarf;
				ENABLE_STRICT_OBJC_MSGSEND = YES;
				ENABLE_TESTABILITY = YES;
				GCC_C_LANGUAGE_STANDARD = gnu11;
				GCC_DYNAMIC_NO_PIC = NO;
				GCC_NO_COMMON_BLOCKS = YES;
				GCC_OPTIMIZATION_LEVEL = 0;
				GCC_PREPROCESSOR_DEFINITIONS = (
					"DEBUG=1",
					"$(inherited)",
				);
				GCC_WARN_64_TO_32_BIT_CONVERSION = YES;
				GCC_WARN_ABOUT_RETURN_TYPE = YES_ERROR;
				GCC_WARN_UNDECLARED_SELECTOR = YES;
				GCC_WARN_UNINITIALIZED_AUTOS = YES_AGGRESSIVE;
				GCC_WARN_UNUSED_FUNCTION = YES;
				GCC_WARN_UNUSED_VARIABLE = YES;
				IPHONEOS_DEPLOYMENT_TARGET = 14.3;
				MTL_ENABLE_DEBUG_INFO = INCLUDE_SOURCE;
				MTL_FAST_MATH = YES;
				ONLY_ACTIVE_ARCH = YES;
				SDKROOT = iphoneos;
				SWIFT_ACTIVE_COMPILATION_CONDITIONS = DEBUG;
				SWIFT_OPTIMIZATION_LEVEL = "-Onone";
			};
			name = Debug;
		};
		B8571672263AB29300228788 /* Release */ = {
			isa = XCBuildConfiguration;
			buildSettings = {
				ALWAYS_SEARCH_USER_PATHS = NO;
				CLANG_ANALYZER_NONNULL = YES;
				CLANG_ANALYZER_NUMBER_OBJECT_CONVERSION = YES_AGGRESSIVE;
				CLANG_CXX_LANGUAGE_STANDARD = "gnu++14";
				CLANG_CXX_LIBRARY = "libc++";
				CLANG_ENABLE_MODULES = YES;
				CLANG_ENABLE_OBJC_ARC = YES;
				CLANG_ENABLE_OBJC_WEAK = YES;
				CLANG_WARN_BLOCK_CAPTURE_AUTORELEASING = YES;
				CLANG_WARN_BOOL_CONVERSION = YES;
				CLANG_WARN_COMMA = YES;
				CLANG_WARN_CONSTANT_CONVERSION = YES;
				CLANG_WARN_DEPRECATED_OBJC_IMPLEMENTATIONS = YES;
				CLANG_WARN_DIRECT_OBJC_ISA_USAGE = YES_ERROR;
				CLANG_WARN_DOCUMENTATION_COMMENTS = YES;
				CLANG_WARN_EMPTY_BODY = YES;
				CLANG_WARN_ENUM_CONVERSION = YES;
				CLANG_WARN_INFINITE_RECURSION = YES;
				CLANG_WARN_INT_CONVERSION = YES;
				CLANG_WARN_NON_LITERAL_NULL_CONVERSION = YES;
				CLANG_WARN_OBJC_IMPLICIT_RETAIN_SELF = YES;
				CLANG_WARN_OBJC_LITERAL_CONVERSION = YES;
				CLANG_WARN_OBJC_ROOT_CLASS = YES_ERROR;
				CLANG_WARN_QUOTED_INCLUDE_IN_FRAMEWORK_HEADER = YES;
				CLANG_WARN_RANGE_LOOP_ANALYSIS = YES;
				CLANG_WARN_STRICT_PROTOTYPES = YES;
				CLANG_WARN_SUSPICIOUS_MOVE = YES;
				CLANG_WARN_UNGUARDED_AVAILABILITY = YES_AGGRESSIVE;
				CLANG_WARN_UNREACHABLE_CODE = YES;
				CLANG_WARN__DUPLICATE_METHOD_MATCH = YES;
				COPY_PHASE_STRIP = NO;
				DEBUG_INFORMATION_FORMAT = "dwarf-with-dsym";
				ENABLE_NS_ASSERTIONS = NO;
				ENABLE_STRICT_OBJC_MSGSEND = YES;
				GCC_C_LANGUAGE_STANDARD = gnu11;
				GCC_NO_COMMON_BLOCKS = YES;
				GCC_WARN_64_TO_32_BIT_CONVERSION = YES;
				GCC_WARN_ABOUT_RETURN_TYPE = YES_ERROR;
				GCC_WARN_UNDECLARED_SELECTOR = YES;
				GCC_WARN_UNINITIALIZED_AUTOS = YES_AGGRESSIVE;
				GCC_WARN_UNUSED_FUNCTION = YES;
				GCC_WARN_UNUSED_VARIABLE = YES;
				IPHONEOS_DEPLOYMENT_TARGET = 14.3;
				MTL_ENABLE_DEBUG_INFO = NO;
				MTL_FAST_MATH = YES;
				SDKROOT = iphoneos;
				SWIFT_COMPILATION_MODE = wholemodule;
				SWIFT_OPTIMIZATION_LEVEL = "-O";
				VALIDATE_PRODUCT = YES;
			};
			name = Release;
		};
		B8571674263AB29300228788 /* Debug */ = {
			isa = XCBuildConfiguration;
			buildSettings = {
				ASSETCATALOG_COMPILER_APPICON_NAME = AppIcon;
				ASSETCATALOG_COMPILER_GLOBAL_ACCENT_COLOR_NAME = AccentColor;
				CODE_SIGN_STYLE = Automatic;
				DEVELOPMENT_ASSET_PATHS = "\"CarParking/Preview Content\"";
				DEVELOPMENT_TEAM = KP3D2WZ4Y5;
				ENABLE_PREVIEWS = YES;
				INFOPLIST_FILE = CarParking/Info.plist;
				IPHONEOS_DEPLOYMENT_TARGET = 14.0;
				LD_RUNPATH_SEARCH_PATHS = (
					"$(inherited)",
					"@executable_path/Frameworks",
				);
				PRODUCT_BUNDLE_IDENTIFIER = com.CarParking;
				PRODUCT_NAME = "$(TARGET_NAME)";
				SWIFT_VERSION = 5.0;
				TARGETED_DEVICE_FAMILY = "1,2";
			};
			name = Debug;
		};
		B8571675263AB29300228788 /* Release */ = {
			isa = XCBuildConfiguration;
			buildSettings = {
				ASSETCATALOG_COMPILER_APPICON_NAME = AppIcon;
				ASSETCATALOG_COMPILER_GLOBAL_ACCENT_COLOR_NAME = AccentColor;
				CODE_SIGN_STYLE = Automatic;
				DEVELOPMENT_ASSET_PATHS = "\"CarParking/Preview Content\"";
				DEVELOPMENT_TEAM = KP3D2WZ4Y5;
				ENABLE_PREVIEWS = YES;
				INFOPLIST_FILE = CarParking/Info.plist;
				IPHONEOS_DEPLOYMENT_TARGET = 14.0;
				LD_RUNPATH_SEARCH_PATHS = (
					"$(inherited)",
					"@executable_path/Frameworks",
				);
				PRODUCT_BUNDLE_IDENTIFIER = com.CarParking;
				PRODUCT_NAME = "$(TARGET_NAME)";
				SWIFT_VERSION = 5.0;
				TARGETED_DEVICE_FAMILY = "1,2";
			};
			name = Release;
		};
/* End XCBuildConfiguration section */

/* Begin XCConfigurationList section */
		B857165F263AB28F00228788 /* Build configuration list for PBXProject "CarParking" */ = {
			isa = XCConfigurationList;
			buildConfigurations = (
				B8571671263AB29300228788 /* Debug */,
				B8571672263AB29300228788 /* Release */,
			);
			defaultConfigurationIsVisible = 0;
			defaultConfigurationName = Release;
		};
		B8571673263AB29300228788 /* Build configuration list for PBXNativeTarget "CarParking" */ = {
			isa = XCConfigurationList;
			buildConfigurations = (
				B8571674263AB29300228788 /* Debug */,
				B8571675263AB29300228788 /* Release */,
			);
			defaultConfigurationIsVisible = 0;
			defaultConfigurationName = Release;
		};
/* End XCConfigurationList section */
	};
	rootObject = B857165C263AB28F00228788 /* Project object */;
}
